{
  "name": "tushifang",
  "version": "1.0.0",
  "lockfileVersion": 1,
  "requires": true,
  "dependencies": {
    "vant-weapp": {
      "version": "0.5.20",
      "resolved": "https://registry.npmjs.org/vant-weapp/-/vant-weapp-0.5.20.tgz",
      "integrity": "sha512-/wKZeb9Ke/g0ti45WgIAI+2ZADtgwcRrZ42yP6ODnFFP6csffJcJtFvt69TN3BTVU7bNMiSqlUpT5QGasCtlNg=="
    },
    "weui": {
      "version": "2.0.1",
      "resolved": "https://registry.npmjs.org/weui/-/weui-2.0.1.tgz",
      "integrity": "sha512-j/LzfURBS72kQySHaenzO61Mycz0BtzSsA7TDYB6bJ/t/vt4ZdDDzUh4YaqeITZBDZECgQ8xZhMWwjZU1rvUEg=="
    }
  }
}
